
Microsoft Visual Studio Solution File, Format Version 12.00
# Visual Studio Version 17
VisualStudioVersion = 17.4.33213.308
MinimumVisualStudioVersion = 10.0.40219.1
Project("{FAE04EC0-301F-11D3-BF4B-00C04F79EFBC}") = "Week8EpicGame", "Week8EpicGame\Week8EpicGame.csproj", "{BC300F1C-8C75-47F5-BA90-75B2561B560B}"
EndProject
Global
	GlobalSection(SolutionConfigurationPlatforms) = preSolution
		Debug|Any CPU = Debug|Any CPU
		Release|Any CPU = Release|Any CPU
	EndGlobalSection
	GlobalSection(ProjectConfigurationPlatforms) = postSolution
		{BC300F1C-8C75-47F5-BA90-75B2561B560B}.Debug|Any CPU.ActiveCfg = Debug|Any CPU
		{BC300F1C-8C75-47F5-BA90-75B2561B560B}.Debug|Any CPU.Build.0 = Debug|Any CPU
		{BC300F1C-8C75-47F5-BA90-75B2561B560B}.Release|Any CPU.ActiveCfg = Release|Any CPU
		{BC300F1C-8C75-47F5-BA90-75B2561B560B}.Release|Any CPU.Build.0 = Release|Any CPU
	EndGlobalSection
	GlobalSection(SolutionProperties) = preSolution
		HideSolutionNode = FALSE
	EndGlobalSection
	GlobalSection(ExtensibilityGlobals) = postSolution
		SolutionGuid = {96DDE637-4A04-4183-ABEE-3D0D59D4A415}
	EndGlobalSection
EndGlobal
